
Microsoft Visual Studio Solution File, Format Version 12.00
# Visual Studio Version 17
VisualStudioVersion = 17.13.35931.197 d17.13
MinimumVisualStudioVersion = 10.0.40219.1
Project("{FAE04EC0-301F-11D3-BF4B-00C04F79EFBC}") = "TaskManagerApp", "TaskManagerApp\TaskManagerApp.csproj", "{74032C54-21BE-4156-ACDC-F372A7CDC820}"
EndProject
Global
	GlobalSection(SolutionConfigurationPlatforms) = preSolution
		Debug|Any CPU = Debug|Any CPU
		Release|Any CPU = Release|Any CPU
	EndGlobalSection
	GlobalSection(ProjectConfigurationPlatforms) = postSolution
		{74032C54-21BE-4156-ACDC-F372A7CDC820}.Debug|Any CPU.ActiveCfg = Debug|Any CPU
		{74032C54-21BE-4156-ACDC-F372A7CDC820}.Debug|Any CPU.Build.0 = Debug|Any CPU
		{74032C54-21BE-4156-ACDC-F372A7CDC820}.Release|Any CPU.ActiveCfg = Release|Any CPU
		{74032C54-21BE-4156-ACDC-F372A7CDC820}.Release|Any CPU.Build.0 = Release|Any CPU
	EndGlobalSection
	GlobalSection(SolutionProperties) = preSolution
		HideSolutionNode = FALSE
	EndGlobalSection
	GlobalSection(ExtensibilityGlobals) = postSolution
		SolutionGuid = {7AEED20D-BB2A-49F9-8EFD-6B9C215C1FBD}
	EndGlobalSection
EndGlobal
